
Microsoft Visual Studio Solution File, Format Version 12.00
# Visual Studio Version 17
VisualStudioVersion = 17.0.32002.185
MinimumVisualStudioVersion = 10.0.40219.1
Project("{FAE04EC0-301F-11D3-BF4B-00C04F79EFBC}") = "SerilogConsoleDemo", "SerilogConsoleDemo\SerilogConsoleDemo.csproj", "{AB145F23-E619-4635-A680-DA03CC08B449}"
EndProject
Global
	GlobalSection(SolutionConfigurationPlatforms) = preSolution
		Debug|Any CPU = Debug|Any CPU
		Release|Any CPU = Release|Any CPU
	EndGlobalSection
	GlobalSection(ProjectConfigurationPlatforms) = postSolution
		{AB145F23-E619-4635-A680-DA03CC08B449}.Debug|Any CPU.ActiveCfg = Debug|Any CPU
		{AB145F23-E619-4635-A680-DA03CC08B449}.Debug|Any CPU.Build.0 = Debug|Any CPU
		{AB145F23-E619-4635-A680-DA03CC08B449}.Release|Any CPU.ActiveCfg = Release|Any CPU
		{AB145F23-E619-4635-A680-DA03CC08B449}.Release|Any CPU.Build.0 = Release|Any CPU
	EndGlobalSection
	GlobalSection(SolutionProperties) = preSolution
		HideSolutionNode = FALSE
	EndGlobalSection
	GlobalSection(ExtensibilityGlobals) = postSolution
		SolutionGuid = {FB09A816-E988-4DFD-A74D-59349017257D}
	EndGlobalSection
EndGlobal
